
Microsoft Visual Studio Solution File, Format Version 12.00
# Visual Studio Version 17
VisualStudioVersion = 17.3.32929.385
MinimumVisualStudioVersion = 10.0.40219.1
Project("{FAE04EC0-301F-11D3-BF4B-00C04F79EFBC}") = "ControleEstoque.Web", "ControleEstoque.Web\ControleEstoque.Web.csproj", "{28166DA2-9FCA-4822-A29B-79208054B770}"
EndProject
Global
	GlobalSection(SolutionConfigurationPlatforms) = preSolution
		Debug|Any CPU = Debug|Any CPU
		Release|Any CPU = Release|Any CPU
	EndGlobalSection
	GlobalSection(ProjectConfigurationPlatforms) = postSolution
		{28166DA2-9FCA-4822-A29B-79208054B770}.Debug|Any CPU.ActiveCfg = Debug|Any CPU
		{28166DA2-9FCA-4822-A29B-79208054B770}.Debug|Any CPU.Build.0 = Debug|Any CPU
		{28166DA2-9FCA-4822-A29B-79208054B770}.Release|Any CPU.ActiveCfg = Release|Any CPU
		{28166DA2-9FCA-4822-A29B-79208054B770}.Release|Any CPU.Build.0 = Release|Any CPU
	EndGlobalSection
	GlobalSection(SolutionProperties) = preSolution
		HideSolutionNode = FALSE
	EndGlobalSection
	GlobalSection(ExtensibilityGlobals) = postSolution
		SolutionGuid = {2073F8B4-996C-4341-A41F-737D24BFA8B9}
	EndGlobalSection
EndGlobal
